
Microsoft Visual Studio Solution File, Format Version 12.00
# Visual Studio 15
VisualStudioVersion = 15.0.27428.2015
MinimumVisualStudioVersion = 10.0.40219.1
Project("{9A19103F-16F7-4668-BE54-9A1E7A4F7556}") = "01. EventImplementation", "01. EventImplementation\01. EventImplementation.csproj", "{DF902E13-4A13-4C76-BFB7-F3CC3084BBCF}"
EndProject
Project("{9A19103F-16F7-4668-BE54-9A1E7A4F7556}") = "02.KingsGambit", "02.KingsGambit\02.KingsGambit.csproj", "{95DB8C87-BAE7-4618-85BC-A2CB5847B13A}"
EndProject
Project("{FAE04EC0-301F-11D3-BF4B-00C04F79EFBC}") = "04.Work_force", "04.Work_force\04.Work_force.csproj", "{4E000BB2-CFE5-4A14-8380-707C8ED2E249}"
EndProject
Global
	GlobalSection(SolutionConfigurationPlatforms) = preSolution
		Debug|Any CPU = Debug|Any CPU
		Release|Any CPU = Release|Any CPU
	EndGlobalSection
	GlobalSection(ProjectConfigurationPlatforms) = postSolution
		{DF902E13-4A13-4C76-BFB7-F3CC3084BBCF}.Debug|Any CPU.ActiveCfg = Debug|Any CPU
		{DF902E13-4A13-4C76-BFB7-F3CC3084BBCF}.Debug|Any CPU.Build.0 = Debug|Any CPU
		{DF902E13-4A13-4C76-BFB7-F3CC3084BBCF}.Release|Any CPU.ActiveCfg = Release|Any CPU
		{DF902E13-4A13-4C76-BFB7-F3CC3084BBCF}.Release|Any CPU.Build.0 = Release|Any CPU
		{95DB8C87-BAE7-4618-85BC-A2CB5847B13A}.Debug|Any CPU.ActiveCfg = Debug|Any CPU
		{95DB8C87-BAE7-4618-85BC-A2CB5847B13A}.Debug|Any CPU.Build.0 = Debug|Any CPU
		{95DB8C87-BAE7-4618-85BC-A2CB5847B13A}.Release|Any CPU.ActiveCfg = Release|Any CPU
		{95DB8C87-BAE7-4618-85BC-A2CB5847B13A}.Release|Any CPU.Build.0 = Release|Any CPU
		{4E000BB2-CFE5-4A14-8380-707C8ED2E249}.Debug|Any CPU.ActiveCfg = Debug|Any CPU
		{4E000BB2-CFE5-4A14-8380-707C8ED2E249}.Debug|Any CPU.Build.0 = Debug|Any CPU
		{4E000BB2-CFE5-4A14-8380-707C8ED2E249}.Release|Any CPU.ActiveCfg = Release|Any CPU
		{4E000BB2-CFE5-4A14-8380-707C8ED2E249}.Release|Any CPU.Build.0 = Release|Any CPU
	EndGlobalSection
	GlobalSection(SolutionProperties) = preSolution
		HideSolutionNode = FALSE
	EndGlobalSection
	GlobalSection(ExtensibilityGlobals) = postSolution
		SolutionGuid = {63D79551-D70E-48F7-86F2-B0649F3EBF37}
	EndGlobalSection
EndGlobal
